// !$*UTF8*$!
{
	archiveVersion = 1;
	classes = {
	};
	objectVersion = 46;
	objects = {

/* Begin PBXBuildFile section */
		EB453B3E1A1E4E4000732854 /* AddItemViewController.m in Sources */ = {isa = PBXBuildFile; fileRef = EB453B3D1A1E4E4000732854 /* AddItemViewController.m */; };
		EB4FA4611A19BF0900D4DAC0 /* main.m in Sources */ = {isa = PBXBuildFile; fileRef = EB4FA4601A19BF0900D4DAC0 /* main.m */; };
		EB4FA4641A19BF0900D4DAC0 /* AppDelegate.m in Sources */ = {isa = PBXBuildFile; fileRef = EB4FA4631A19BF0900D4DAC0 /* AppDelegate.m */; };
		EB4FA46A1A19BF0900D4DAC0 /* Main.storyboard in Resources */ = {isa = PBXBuildFile; fileRef = EB4FA4681A19BF0900D4DAC0 /* Main.storyboard */; };
		EB4FA46C1A19BF0900D4DAC0 /* Images.xcassets in Resources */ = {isa = PBXBuildFile; fileRef = EB4FA46B1A19BF0900D4DAC0 /* Images.xcassets */; };
		EB4FA46F1A19BF0900D4DAC0 /* LaunchScreen.xib in Resources */ = {isa = PBXBuildFile; fileRef = EB4FA46D1A19BF0900D4DAC0 /* LaunchScreen.xib */; };
		EB4FA47B1A19BF0900D4DAC0 /* TestTableViewTests.m in Sources */ = {isa = PBXBuildFile; fileRef = EB4FA47A1A19BF0900D4DAC0 /* TestTableViewTests.m */; };
		EB4FA4861A19BFEB00D4DAC0 /* TableViewController.m in Sources */ = {isa = PBXBuildFile; fileRef = EB4FA4851A19BFEB00D4DAC0 /* TableViewController.m */; };
		EB6650671A1DA43C00EA540D /* EditUIViewController.m in Sources */ = {isa = PBXBuildFile; fileRef = EB6650661A1DA43C00EA540D /* EditUIViewController.m */; };
/* End PBXBuildFile section */

/* Begin PBXContainerItemProxy section */
		EB4FA4751A19BF0900D4DAC0 /* PBXContainerItemProxy */ = {
			isa = PBXContainerItemProxy;
			containerPortal = EB4FA4531A19BF0900D4DAC0 /* Project object */;
			proxyType = 1;
			remoteGlobalIDString = EB4FA45A1A19BF0900D4DAC0;
			remoteInfo = TestTableView;
		};
/* End PBXContainerItemProxy section */

/* Begin PBXFileReference section */
		EB453B3C1A1E4E4000732854 /* AddItemViewController.h */ = {isa = PBXFileReference; fileEncoding = 4; lastKnownFileType = sourcecode.c.h; path = AddItemViewController.h; sourceTree = "<group>"; };
		EB453B3D1A1E4E4000732854 /* AddItemViewController.m */ = {isa = PBXFileReference; fileEncoding = 4; lastKnownFileType = sourcecode.c.objc; path = AddItemViewController.m; sourceTree = "<group>"; };
		EB4FA45B1A19BF0900D4DAC0 /* TestTableView.app */ = {isa = PBXFileReference; explicitFileType = wrapper.application; includeInIndex = 0; path = TestTableView.app; sourceTree = BUILT_PRODUCTS_DIR; };
		EB4FA45F1A19BF0900D4DAC0 /* Info.plist */ = {isa = PBXFileReference; lastKnownFileType = text.plist.xml; path = Info.plist; sourceTree = "<group>"; };
		EB4FA4601A19BF0900D4DAC0 /* main.m */ = {isa = PBXFileReference; lastKnownFileType = sourcecode.c.objc; path = main.m; sourceTree = "<group>"; };
		EB4FA4621A19BF0900D4DAC0 /* AppDelegate.h */ = {isa = PBXFileReference; lastKnownFileType = sourcecode.c.h; path = AppDelegate.h; sourceTree = "<group>"; };
		EB4FA4631A19BF0900D4DAC0 /* AppDelegate.m */ = {isa = PBXFileReference; lastKnownFileType = sourcecode.c.objc; path = AppDelegate.m; sourceTree = "<group>"; };
		EB4FA4691A19BF0900D4DAC0 /* Base */ = {isa = PBXFileReference; lastKnownFileType = file.storyboard; name = Base; path = Base.lproj/Main.storyboard; sourceTree = "<group>"; };
		EB4FA46B1A19BF0900D4DAC0 /* Images.xcassets */ = {isa = PBXFileReference; lastKnownFileType = folder.assetcatalog; path = Images.xcassets; sourceTree = "<group>"; };
		EB4FA46E1A19BF0900D4DAC0 /* Base */ = {isa = PBXFileReference; lastKnownFileType = file.xib; name = Base; path = Base.lproj/LaunchScreen.xib; sourceTree = "<group>"; };
		EB4FA4741A19BF0900D4DAC0 /* TestTableViewTests.xctest */ = {isa = PBXFileReference; explicitFileType = wrapper.cfbundle; includeInIndex = 0; path = TestTableViewTests.xctest; sourceTree = BUILT_PRODUCTS_DIR; };
		EB4FA4791A19BF0900D4DAC0 /* Info.plist */ = {isa = PBXFileReference; lastKnownFileType = text.plist.xml; path = Info.plist; sourceTree = "<group>"; };
		EB4FA47A1A19BF0900D4DAC0 /* TestTableViewTests.m */ = {isa = PBXFileReference; lastKnownFileType = sourcecode.c.objc; path = TestTableViewTests.m; sourceTree = "<group>"; };
		EB4FA4841A19BFEB00D4DAC0 /* TableViewController.h */ = {isa = PBXFileReference; fileEncoding = 4; lastKnownFileType = sourcecode.c.h; path = TableViewController.h; sourceTree = "<group>"; };
		EB4FA4851A19BFEB00D4DAC0 /* TableViewController.m */ = {isa = PBXFileReference; fileEncoding = 4; lastKnownFileType = sourcecode.c.objc; path = TableViewController.m; sourceTree = "<group>"; };
		EB6650651A1DA43C00EA540D /* EditUIViewController.h */ = {isa = PBXFileReference; fileEncoding = 4; lastKnownFileType = sourcecode.c.h; path = EditUIViewController.h; sourceTree = "<group>"; };
		EB6650661A1DA43C00EA540D /* EditUIViewController.m */ = {isa = PBXFileReference; fileEncoding = 4; lastKnownFileType = sourcecode.c.objc; path = EditUIViewController.m; sourceTree = "<group>"; };
/* End PBXFileReference section */

/* Begin PBXFrameworksBuildPhase section */
		EB4FA4581A19BF0900D4DAC0 /* Frameworks */ = {
			isa = PBXFrameworksBuildPhase;
			buildActionMask = 2147483647;
			files = (
			);
			runOnlyForDeploymentPostprocessing = 0;
		};
		EB4FA4711A19BF0900D4DAC0 /* Frameworks */ = {
			isa = PBXFrameworksBuildPhase;
			buildActionMask = 2147483647;
			files = (
			);
			runOnlyForDeploymentPostprocessing = 0;
		};
/* End PBXFrameworksBuildPhase section */

/* Begin PBXGroup section */
		EB4FA4521A19BF0900D4DAC0 = {
			isa = PBXGroup;
			children = (
				EB4FA45D1A19BF0900D4DAC0 /* TestTableView */,
				EB4FA4771A19BF0900D4DAC0 /* TestTableViewTests */,
				EB4FA45C1A19BF0900D4DAC0 /* Products */,
			);
			sourceTree = "<group>";
		};
		EB4FA45C1A19BF0900D4DAC0 /* Products */ = {
			isa = PBXGroup;
			children = (
				EB4FA45B1A19BF0900D4DAC0 /* TestTableView.app */,
				EB4FA4741A19BF0900D4DAC0 /* TestTableViewTests.xctest */,
			);
			name = Products;
			sourceTree = "<group>";
		};
		EB4FA45D1A19BF0900D4DAC0 /* TestTableView */ = {
			isa = PBXGroup;
			children = (
				EB4FA4621A19BF0900D4DAC0 /* AppDelegate.h */,
				EB4FA4631A19BF0900D4DAC0 /* AppDelegate.m */,
				EB4FA4681A19BF0900D4DAC0 /* Main.storyboard */,
				EB4FA4841A19BFEB00D4DAC0 /* TableViewController.h */,
				EB4FA4851A19BFEB00D4DAC0 /* TableViewController.m */,
				EB4FA46B1A19BF0900D4DAC0 /* Images.xcassets */,
				EB4FA46D1A19BF0900D4DAC0 /* LaunchScreen.xib */,
				EB4FA45E1A19BF0900D4DAC0 /* Supporting Files */,
				EB6650651A1DA43C00EA540D /* EditUIViewController.h */,
				EB6650661A1DA43C00EA540D /* EditUIViewController.m */,
				EB453B3C1A1E4E4000732854 /* AddItemViewController.h */,
				EB453B3D1A1E4E4000732854 /* AddItemViewController.m */,
			);
			path = TestTableView;
			sourceTree = "<group>";
		};
		EB4FA45E1A19BF0900D4DAC0 /* Supporting Files */ = {
			isa = PBXGroup;
			children = (
				EB4FA45F1A19BF0900D4DAC0 /* Info.plist */,
				EB4FA4601A19BF0900D4DAC0 /* main.m */,
			);
			name = "Supporting Files";
			sourceTree = "<group>";
		};
		EB4FA4771A19BF0900D4DAC0 /* TestTableViewTests */ = {
			isa = PBXGroup;
			children = (
				EB4FA47A1A19BF0900D4DAC0 /* TestTableViewTests.m */,
				EB4FA4781A19BF0900D4DAC0 /* Supporting Files */,
			);
			path = TestTableViewTests;
			sourceTree = "<group>";
		};
		EB4FA4781A19BF0900D4DAC0 /* Supporting Files */ = {
			isa = PBXGroup;
			children = (
				EB4FA4791A19BF0900D4DAC0 /* Info.plist */,
			);
			name = "Supporting Files";
			sourceTree = "<group>";
		};
/* End PBXGroup section */

/* Begin PBXNativeTarget section */
		EB4FA45A1A19BF0900D4DAC0 /* TestTableView */ = {
			isa = PBXNativeTarget;
			buildConfigurationList = EB4FA47E1A19BF0900D4DAC0 /* Build configuration list for PBXNativeTarget "TestTableView" */;
			buildPhases = (
				EB4FA4571A19BF0900D4DAC0 /* Sources */,
				EB4FA4581A19BF0900D4DAC0 /* Frameworks */,
				EB4FA4591A19BF0900D4DAC0 /* Resources */,
			);
			buildRules = (
			);
			dependencies = (
			);
			name = TestTableView;
			productName = TestTableView;
			productReference = EB4FA45B1A19BF0900D4DAC0 /* TestTableView.app */;
			productType = "com.apple.product-type.application";
		};
		EB4FA4731A19BF0900D4DAC0 /* TestTableViewTests */ = {
			isa = PBXNativeTarget;
			buildConfigurationList = EB4FA4811A19BF0900D4DAC0 /* Build configuration list for PBXNativeTarget "TestTableViewTests" */;
			buildPhases = (
				EB4FA4701A19BF0900D4DAC0 /* Sources */,
				EB4FA4711A19BF0900D4DAC0 /* Frameworks */,
				EB4FA4721A19BF0900D4DAC0 /* Resources */,
			);
			buildRules = (
			);
			dependencies = (
				EB4FA4761A19BF0900D4DAC0 /* PBXTargetDependency */,
			);
			name = TestTableViewTests;
			productName = TestTableViewTests;
			productReference = EB4FA4741A19BF0900D4DAC0 /* TestTableViewTests.xctest */;
			productType = "com.apple.product-type.bundle.unit-test";
		};
/* End PBXNativeTarget section */

/* Begin PBXProject section */
		EB4FA4531A19BF0900D4DAC0 /* Project object */ = {
			isa = PBXProject;
			attributes = {
				LastUpgradeCheck = 0610;
				ORGANIZATIONNAME = "Hardeep Singh";
				TargetAttributes = {
					EB4FA45A1A19BF0900D4DAC0 = {
						CreatedOnToolsVersion = 6.1;
					};
					EB4FA4731A19BF0900D4DAC0 = {
						CreatedOnToolsVersion = 6.1;
						TestTargetID = EB4FA45A1A19BF0900D4DAC0;
					};
				};
			};
			buildConfigurationList = EB4FA4561A19BF0900D4DAC0 /* Build configuration list for PBXProject "TestTableView" */;
			compatibilityVersion = "Xcode 3.2";
			developmentRegion = English;
			hasScannedForEncodings = 0;
			knownRegions = (
				en,
				Base,
			);
			mainGroup = EB4FA4521A19BF0900D4DAC0;
			productRefGroup = EB4FA45C1A19BF0900D4DAC0 /* Products */;
			projectDirPath = "";
			projectRoot = "";
			targets = (
				EB4FA45A1A19BF0900D4DAC0 /* TestTableView */,
				EB4FA4731A19BF0900D4DAC0 /* TestTableViewTests */,
			);
		};
/* End PBXProject section */

/* Begin PBXResourcesBuildPhase section */
		EB4FA4591A19BF0900D4DAC0 /* Resources */ = {
			isa = PBXResourcesBuildPhase;
			buildActionMask = 2147483647;
			files = (
				EB4FA46A1A19BF0900D4DAC0 /* Main.storyboard in Resources */,
				EB4FA46F1A19BF0900D4DAC0 /* LaunchScreen.xib in Resources */,
				EB4FA46C1A19BF0900D4DAC0 /* Images.xcassets in Resources */,
			);
			runOnlyForDeploymentPostprocessing = 0;
		};
		EB4FA4721A19BF0900D4DAC0 /* Resources */ = {
			isa = PBXResourcesBuildPhase;
			buildActionMask = 2147483647;
			files = (
			);
			runOnlyForDeploymentPostprocessing = 0;
		};
/* End PBXResourcesBuildPhase section */

/* Begin PBXSourcesBuildPhase section */
		EB4FA4571A19BF0900D4DAC0 /* Sources */ = {
			isa = PBXSourcesBuildPhase;
			buildActionMask = 2147483647;
			files = (
				EB6650671A1DA43C00EA540D /* EditUIViewController.m in Sources */,
				EB4FA4641A19BF0900D4DAC0 /* AppDelegate.m in Sources */,
				EB4FA4611A19BF0900D4DAC0 /* main.m in Sources */,
				EB453B3E1A1E4E4000732854 /* AddItemViewController.m in Sources */,
				EB4FA4861A19BFEB00D4DAC0 /* TableViewController.m in Sources */,
			);
			runOnlyForDeploymentPostprocessing = 0;
		};
		EB4FA4701A19BF0900D4DAC0 /* Sources */ = {
			isa = PBXSourcesBuildPhase;
			buildActionMask = 2147483647;
			files = (
				EB4FA47B1A19BF0900D4DAC0 /* TestTableViewTests.m in Sources */,
			);
			runOnlyForDeploymentPostprocessing = 0;
		};
/* End PBXSourcesBuildPhase section */

/* Begin PBXTargetDependency section */
		EB4FA4761A19BF0900D4DAC0 /* PBXTargetDependency */ = {
			isa = PBXTargetDependency;
			target = EB4FA45A1A19BF0900D4DAC0 /* TestTableView */;
			targetProxy = EB4FA4751A19BF0900D4DAC0 /* PBXContainerItemProxy */;
		};
/* End PBXTargetDependency section */

/* Begin PBXVariantGroup section */
		EB4FA4681A19BF0900D4DAC0 /* Main.storyboard */ = {
			isa = PBXVariantGroup;
			children = (
				EB4FA4691A19BF0900D4DAC0 /* Base */,
			);
			name = Main.storyboard;
			sourceTree = "<group>";
		};
		EB4FA46D1A19BF0900D4DAC0 /* LaunchScreen.xib */ = {
			isa = PBXVariantGroup;
			children = (
				EB4FA46E1A19BF0900D4DAC0 /* Base */,
			);
			name = LaunchScreen.xib;
			sourceTree = "<group>";
		};
/* End PBXVariantGroup section */

/* Begin XCBuildConfiguration section */
		EB4FA47C1A19BF0900D4DAC0 /* Debug */ = {
			isa = XCBuildConfiguration;
			buildSettings = {
				ALWAYS_SEARCH_USER_PATHS = NO;
				CLANG_CXX_LANGUAGE_STANDARD = "gnu++0x";
				CLANG_CXX_LIBRARY = "libc++";
				CLANG_ENABLE_MODULES = YES;
				CLANG_ENABLE_OBJC_ARC = YES;
				CLANG_WARN_BOOL_CONVERSION = YES;
				CLANG_WARN_CONSTANT_CONVERSION = YES;
				CLANG_WARN_DIRECT_OBJC_ISA_USAGE = YES_ERROR;
				CLANG_WARN_EMPTY_BODY = YES;
				CLANG_WARN_ENUM_CONVERSION = YES;
				CLANG_WARN_INT_CONVERSION = YES;
				CLANG_WARN_OBJC_ROOT_CLASS = YES_ERROR;
				CLANG_WARN_UNREACHABLE_CODE = YES;
				CLANG_WARN__DUPLICATE_METHOD_MATCH = YES;
				"CODE_SIGN_IDENTITY[sdk=iphoneos*]" = "iPhone Developer";
				COPY_PHASE_STRIP = NO;
				ENABLE_STRICT_OBJC_MSGSEND = YES;
				GCC_C_LANGUAGE_STANDARD = gnu99;
				GCC_DYNAMIC_NO_PIC = NO;
				GCC_OPTIMIZATION_LEVEL = 0;
				GCC_PREPROCESSOR_DEFINITIONS = (
					"DEBUG=1",
					"$(inherited)",
				);
				GCC_SYMBOLS_PRIVATE_EXTERN = NO;
				GCC_WARN_64_TO_32_BIT_CONVERSION = YES;
				GCC_WARN_ABOUT_RETURN_TYPE = YES_ERROR;
				GCC_WARN_UNDECLARED_SELECTOR = YES;
				GCC_WARN_UNINITIALIZED_AUTOS = YES_AGGRESSIVE;
				GCC_WARN_UNUSED_FUNCTION = YES;
				GCC_WARN_UNUSED_VARIABLE = YES;
				IPHONEOS_DEPLOYMENT_TARGET = 8.1;
				MTL_ENABLE_DEBUG_INFO = YES;
				ONLY_ACTIVE_ARCH = YES;
				SDKROOT = iphoneos;
			};
			name = Debug;
		};
		EB4FA47D1A19BF0900D4DAC0 /* Release */ = {
			isa = XCBuildConfiguration;
			buildSettings = {
				ALWAYS_SEARCH_USER_PATHS = NO;
				CLANG_CXX_LANGUAGE_STANDARD = "gnu++0x";
				CLANG_CXX_LIBRARY = "libc++";
				CLANG_ENABLE_MODULES = YES;
				CLANG_ENABLE_OBJC_ARC = YES;
				CLANG_WARN_BOOL_CONVERSION = YES;
				CLANG_WARN_CONSTANT_CONVERSION = YES;
				CLANG_WARN_DIRECT_OBJC_ISA_USAGE = YES_ERROR;
				CLANG_WARN_EMPTY_BODY = YES;
				CLANG_WARN_ENUM_CONVERSION = YES;
				CLANG_WARN_INT_CONVERSION = YES;
				CLANG_WARN_OBJC_ROOT_CLASS = YES_ERROR;
				CLANG_WARN_UNREACHABLE_CODE = YES;
				CLANG_WARN__DUPLICATE_METHOD_MATCH = YES;
				"CODE_SIGN_IDENTITY[sdk=iphoneos*]" = "iPhone Developer";
				COPY_PHASE_STRIP = YES;
				ENABLE_NS_ASSERTIONS = NO;
				ENABLE_STRICT_OBJC_MSGSEND = YES;
				GCC_C_LANGUAGE_STANDARD = gnu99;
				GCC_WARN_64_TO_32_BIT_CONVERSION = YES;
				GCC_WARN_ABOUT_RETURN_TYPE = YES_ERROR;
				GCC_WARN_UNDECLARED_SELECTOR = YES;
				GCC_WARN_UNINITIALIZED_AUTOS = YES_AGGRESSIVE;
				GCC_WARN_UNUSED_FUNCTION = YES;
				GCC_WARN_UNUSED_VARIABLE = YES;
				IPHONEOS_DEPLOYMENT_TARGET = 8.1;
				MTL_ENABLE_DEBUG_INFO = NO;
				SDKROOT = iphoneos;
				VALIDATE_PRODUCT = YES;
			};
			name = Release;
		};
		EB4FA47F1A19BF0900D4DAC0 /* Debug */ = {
			isa = XCBuildConfiguration;
			buildSettings = {
				ASSETCATALOG_COMPILER_APPICON_NAME = AppIcon;
				INFOPLIST_FILE = TestTableView/Info.plist;
				LD_RUNPATH_SEARCH_PATHS = "$(inherited) @executable_path/Frameworks";
				PRODUCT_NAME = "$(TARGET_NAME)";
			};
			name = Debug;
		};
		EB4FA4801A19BF0900D4DAC0 /* Release */ = {
			isa = XCBuildConfiguration;
			buildSettings = {
				ASSETCATALOG_COMPILER_APPICON_NAME = AppIcon;
				INFOPLIST_FILE = TestTableView/Info.plist;
				LD_RUNPATH_SEARCH_PATHS = "$(inherited) @executable_path/Frameworks";
				PRODUCT_NAME = "$(TARGET_NAME)";
			};
			name = Release;
		};
		EB4FA4821A19BF0900D4DAC0 /* Debug */ = {
			isa = XCBuildConfiguration;
			buildSettings = {
				BUNDLE_LOADER = "$(TEST_HOST)";
				FRAMEWORK_SEARCH_PATHS = (
					"$(SDKROOT)/Developer/Library/Frameworks",
					"$(inherited)",
				);
				GCC_PREPROCESSOR_DEFINITIONS = (
					"DEBUG=1",
					"$(inherited)",
				);
				INFOPLIST_FILE = TestTableViewTests/Info.plist;
				LD_RUNPATH_SEARCH_PATHS = "$(inherited) @executable_path/Frameworks @loader_path/Frameworks";
				PRODUCT_NAME = "$(TARGET_NAME)";
				TEST_HOST = "$(BUILT_PRODUCTS_DIR)/TestTableView.app/TestTableView";
			};
			name = Debug;
		};
		EB4FA4831A19BF0900D4DAC0 /* Release */ = {
			isa = XCBuildConfiguration;
			buildSettings = {
				BUNDLE_LOADER = "$(TEST_HOST)";
				FRAMEWORK_SEARCH_PATHS = (
					"$(SDKROOT)/Developer/Library/Frameworks",
					"$(inherited)",
				);
				INFOPLIST_FILE = TestTableViewTests/Info.plist;
				LD_RUNPATH_SEARCH_PATHS = "$(inherited) @executable_path/Frameworks @loader_path/Frameworks";
				PRODUCT_NAME = "$(TARGET_NAME)";
				TEST_HOST = "$(BUILT_PRODUCTS_DIR)/TestTableView.app/TestTableView";
			};
			name = Release;
		};
/* End XCBuildConfiguration section */

/* Begin XCConfigurationList section */
		EB4FA4561A19BF0900D4DAC0 /* Build configuration list for PBXProject "TestTableView" */ = {
			isa = XCConfigurationList;
			buildConfigurations = (
				EB4FA47C1A19BF0900D4DAC0 /* Debug */,
				EB4FA47D1A19BF0900D4DAC0 /* Release */,
			);
			defaultConfigurationIsVisible = 0;
			defaultConfigurationName = Release;
		};
		EB4FA47E1A19BF0900D4DAC0 /* Build configuration list for PBXNativeTarget "TestTableView" */ = {
			isa = XCConfigurationList;
			buildConfigurations = (
				EB4FA47F1A19BF0900D4DAC0 /* Debug */,
				EB4FA4801A19BF0900D4DAC0 /* Release */,
			);
			defaultConfigurationIsVisible = 0;
			defaultConfigurationName = Release;
		};
		EB4FA4811A19BF0900D4DAC0 /* Build configuration list for PBXNativeTarget "TestTableViewTests" */ = {
			isa = XCConfigurationList;
			buildConfigurations = (
				EB4FA4821A19BF0900D4DAC0 /* Debug */,
				EB4FA4831A19BF0900D4DAC0 /* Release */,
			);
			defaultConfigurationIsVisible = 0;
			defaultConfigurationName = Release;
		};
/* End XCConfigurationList section */
	};
	rootObject = EB4FA4531A19BF0900D4DAC0 /* Project object */;
}
